
Microsoft Visual Studio Solution File, Format Version 12.00
# Visual Studio Version 16
VisualStudioVersion = 16.0.29503.13
MinimumVisualStudioVersion = 10.0.40219.1
Project("{2150E333-8FDC-42A3-9474-1A3956D46DE8}") = "Solution Items", "Solution Items", "{DCDA6E6C-F58C-4EC6-9A1A-260C70085FF4}"
	ProjectSection(SolutionItems) = preProject
		..\.editorconfig = ..\.editorconfig
		..\.gitignore = ..\.gitignore
		Directory.Build.props = Directory.Build.props
		..\LICENSE.md = ..\LICENSE.md
		..\assets\logo.64x64.png = ..\assets\logo.64x64.png
		..\README.md = ..\README.md
	EndProjectSection
EndProject
Project("{9A19103F-16F7-4668-BE54-9A1E7A4F7556}") = "GraphQL.SDLExporter", "GraphQL.SDLExporter\GraphQL.SDLExporter.csproj", "{0171AAD4-C68E-4464-8FF3-2F03EB469651}"
EndProject
Project("{2150E333-8FDC-42A3-9474-1A3956D46DE8}") = "Samples", "Samples", "{14D7082A-7F18-4B48-A946-AAB688D5BF85}"
	ProjectSection(SolutionItems) = preProject
		..\samples\countries.graphql = ..\samples\countries.graphql
		..\samples\github.graphql = ..\samples\github.graphql
		..\samples\hivdb.graphql = ..\samples\hivdb.graphql
		..\samples\swapi.graphql = ..\samples\swapi.graphql
	EndProjectSection
EndProject
Project("{9A19103F-16F7-4668-BE54-9A1E7A4F7556}") = "GraphQL.SDLExporter.Tests", "GraphQL.SDLExporter.Tests\GraphQL.SDLExporter.Tests.csproj", "{9D9FF0AB-4424-4E35-885E-744E0E765AF2}"
EndProject
Project("{2150E333-8FDC-42A3-9474-1A3956D46DE8}") = ".github", ".github", "{DD927D69-C024-4BB7-86BF-467F9D16D246}"
	ProjectSection(SolutionItems) = preProject
		..\.github\dependabot.yml = ..\.github\dependabot.yml
		..\.github\FUNDING.yml = ..\.github\FUNDING.yml
		..\.github\labeler.yml = ..\.github\labeler.yml
	EndProjectSection
EndProject
Project("{2150E333-8FDC-42A3-9474-1A3956D46DE8}") = "ISSUE_TEMPLATE", "ISSUE_TEMPLATE", "{E8EA259A-827C-4706-AA29-6DAF6DA9C017}"
	ProjectSection(SolutionItems) = preProject
		..\.github\ISSUE_TEMPLATE\bug_report.md = ..\.github\ISSUE_TEMPLATE\bug_report.md
		..\.github\ISSUE_TEMPLATE\feature_request.md = ..\.github\ISSUE_TEMPLATE\feature_request.md
	EndProjectSection
EndProject
Project("{2150E333-8FDC-42A3-9474-1A3956D46DE8}") = "workflows", "workflows", "{E5924CF4-35C5-45F1-AE13-D48A8B24A569}"
	ProjectSection(SolutionItems) = preProject
		..\.github\workflows\label.yml = ..\.github\workflows\label.yml
		..\.github\workflows\publish-preview.yml = ..\.github\workflows\publish-preview.yml
		..\.github\workflows\publish-release.yml = ..\.github\workflows\publish-release.yml
		..\.github\workflows\stale.yml = ..\.github\workflows\stale.yml
		..\.github\workflows\test.yml = ..\.github\workflows\test.yml
	EndProjectSection
EndProject
Global
	GlobalSection(SolutionConfigurationPlatforms) = preSolution
		Debug|Any CPU = Debug|Any CPU
		Release|Any CPU = Release|Any CPU
	EndGlobalSection
	GlobalSection(ProjectConfigurationPlatforms) = postSolution
		{0171AAD4-C68E-4464-8FF3-2F03EB469651}.Debug|Any CPU.ActiveCfg = Debug|Any CPU
		{0171AAD4-C68E-4464-8FF3-2F03EB469651}.Debug|Any CPU.Build.0 = Debug|Any CPU
		{0171AAD4-C68E-4464-8FF3-2F03EB469651}.Release|Any CPU.ActiveCfg = Release|Any CPU
		{0171AAD4-C68E-4464-8FF3-2F03EB469651}.Release|Any CPU.Build.0 = Release|Any CPU
		{9D9FF0AB-4424-4E35-885E-744E0E765AF2}.Debug|Any CPU.ActiveCfg = Debug|Any CPU
		{9D9FF0AB-4424-4E35-885E-744E0E765AF2}.Debug|Any CPU.Build.0 = Debug|Any CPU
		{9D9FF0AB-4424-4E35-885E-744E0E765AF2}.Release|Any CPU.ActiveCfg = Release|Any CPU
		{9D9FF0AB-4424-4E35-885E-744E0E765AF2}.Release|Any CPU.Build.0 = Release|Any CPU
	EndGlobalSection
	GlobalSection(SolutionProperties) = preSolution
		HideSolutionNode = FALSE
	EndGlobalSection
	GlobalSection(NestedProjects) = preSolution
		{E8EA259A-827C-4706-AA29-6DAF6DA9C017} = {DD927D69-C024-4BB7-86BF-467F9D16D246}
		{E5924CF4-35C5-45F1-AE13-D48A8B24A569} = {DD927D69-C024-4BB7-86BF-467F9D16D246}
	EndGlobalSection
	GlobalSection(ExtensibilityGlobals) = postSolution
		SolutionGuid = {B1A6015B-A2E9-4E71-8AF2-0EA44D808433}
	EndGlobalSection
EndGlobal
